
Microsoft Visual Studio Solution File, Format Version 12.00
# Visual Studio 14
VisualStudioVersion = 14.0.25420.1
MinimumVisualStudioVersion = 10.0.40219.1
Project("{FAE04EC0-301F-11D3-BF4B-00C04F79EFBC}") = "WebApiRestServiceExample", "WebApiRestServiceExample\WebApiRestServiceExample.csproj", "{223B6C59-E618-429C-A5DA-F2A06EB54CEA}"
EndProject
Project("{FAE04EC0-301F-11D3-BF4B-00C04F79EFBC}") = "UnitTestProject", "UnitTestProject\UnitTestProject.csproj", "{2548DDFF-45F8-477A-8719-62D0E6616855}"
EndProject
Global
	GlobalSection(SolutionConfigurationPlatforms) = preSolution
		Debug|Any CPU = Debug|Any CPU
		Release|Any CPU = Release|Any CPU
	EndGlobalSection
	GlobalSection(ProjectConfigurationPlatforms) = postSolution
		{223B6C59-E618-429C-A5DA-F2A06EB54CEA}.Debug|Any CPU.ActiveCfg = Debug|Any CPU
		{223B6C59-E618-429C-A5DA-F2A06EB54CEA}.Debug|Any CPU.Build.0 = Debug|Any CPU
		{223B6C59-E618-429C-A5DA-F2A06EB54CEA}.Release|Any CPU.ActiveCfg = Release|Any CPU
		{223B6C59-E618-429C-A5DA-F2A06EB54CEA}.Release|Any CPU.Build.0 = Release|Any CPU
		{2548DDFF-45F8-477A-8719-62D0E6616855}.Debug|Any CPU.ActiveCfg = Debug|Any CPU
		{2548DDFF-45F8-477A-8719-62D0E6616855}.Debug|Any CPU.Build.0 = Debug|Any CPU
		{2548DDFF-45F8-477A-8719-62D0E6616855}.Release|Any CPU.ActiveCfg = Release|Any CPU
		{2548DDFF-45F8-477A-8719-62D0E6616855}.Release|Any CPU.Build.0 = Release|Any CPU
	EndGlobalSection
	GlobalSection(SolutionProperties) = preSolution
		HideSolutionNode = FALSE
	EndGlobalSection
EndGlobal
